
Microsoft Visual Studio Solution File, Format Version 12.00
# Visual Studio Version 17
VisualStudioVersion = 17.6.33829.357
MinimumVisualStudioVersion = 10.0.40219.1
Project("{FAE04EC0-301F-11D3-BF4B-00C04F79EFBC}") = "JWTEg", "JWTEg.csproj", "{F8DBD5D1-5E7D-463C-8496-3DB7347945FC}"
EndProject
Global
	GlobalSection(SolutionConfigurationPlatforms) = preSolution
		Debug|Any CPU = Debug|Any CPU
		Release|Any CPU = Release|Any CPU
	EndGlobalSection
	GlobalSection(ProjectConfigurationPlatforms) = postSolution
		{F8DBD5D1-5E7D-463C-8496-3DB7347945FC}.Debug|Any CPU.ActiveCfg = Debug|Any CPU
		{F8DBD5D1-5E7D-463C-8496-3DB7347945FC}.Debug|Any CPU.Build.0 = Debug|Any CPU
		{F8DBD5D1-5E7D-463C-8496-3DB7347945FC}.Release|Any CPU.ActiveCfg = Release|Any CPU
		{F8DBD5D1-5E7D-463C-8496-3DB7347945FC}.Release|Any CPU.Build.0 = Release|Any CPU
	EndGlobalSection
	GlobalSection(SolutionProperties) = preSolution
		HideSolutionNode = FALSE
	EndGlobalSection
	GlobalSection(ExtensibilityGlobals) = postSolution
		SolutionGuid = {B8CF9B96-DA01-4CF3-85F0-3BD290A7E336}
	EndGlobalSection
EndGlobal
